
Microsoft Visual Studio Solution File, Format Version 12.00
# Visual Studio 14
VisualStudioVersion = 14.0.25420.1
MinimumVisualStudioVersion = 10.0.40219.1
Project("{FAE04EC0-301F-11D3-BF4B-00C04F79EFBC}") = "Tickinator.UI.Wpf", "Tickinator.UI.Wpf.csproj", "{B7DB8E8E-255F-4241-8166-FEF5451E5F92}"
EndProject
Project("{2150E333-8FDC-42A3-9474-1A3956D46DE8}") = "DesignDocuments", "DesignDocuments", "{2F40C016-FE9C-420E-9CBA-86808DAC3F63}"
	ProjectSection(SolutionItems) = preProject
		DesignDocuments\TickinatorMockup.bmpr = DesignDocuments\TickinatorMockup.bmpr
		DesignDocuments\TickinatorMockup.pdf = DesignDocuments\TickinatorMockup.pdf
	EndProjectSection
EndProject
Global
	GlobalSection(SolutionConfigurationPlatforms) = preSolution
		Debug|Any CPU = Debug|Any CPU
		Release|Any CPU = Release|Any CPU
	EndGlobalSection
	GlobalSection(ProjectConfigurationPlatforms) = postSolution
		{B7DB8E8E-255F-4241-8166-FEF5451E5F92}.Debug|Any CPU.ActiveCfg = Debug|Any CPU
		{B7DB8E8E-255F-4241-8166-FEF5451E5F92}.Debug|Any CPU.Build.0 = Debug|Any CPU
		{B7DB8E8E-255F-4241-8166-FEF5451E5F92}.Release|Any CPU.ActiveCfg = Release|Any CPU
		{B7DB8E8E-255F-4241-8166-FEF5451E5F92}.Release|Any CPU.Build.0 = Release|Any CPU
	EndGlobalSection
	GlobalSection(SolutionProperties) = preSolution
		HideSolutionNode = FALSE
	EndGlobalSection
EndGlobal
