
Microsoft Visual Studio Solution File, Format Version 12.00
# Visual Studio 15
VisualStudioVersion = 15.0.26228.4
MinimumVisualStudioVersion = 10.0.40219.1
Project("{FAE04EC0-301F-11D3-BF4B-00C04F79EFBC}") = "Tickinator.UI.Wpf", "Tickinator.UI.Wpf.csproj", "{B7DB8E8E-255F-4241-8166-FEF5451E5F92}"
EndProject
Project("{2150E333-8FDC-42A3-9474-1A3956D46DE8}") = "DesignDocuments", "DesignDocuments", "{2F40C016-FE9C-420E-9CBA-86808DAC3F63}"
	ProjectSection(SolutionItems) = preProject
		DesignDocuments\TickinatorMockup.bmpr = DesignDocuments\TickinatorMockup.bmpr
		DesignDocuments\TickinatorMockup.pdf = DesignDocuments\TickinatorMockup.pdf
	EndProjectSection
EndProject
Project("{FAE04EC0-301F-11D3-BF4B-00C04F79EFBC}") = "Tickinator.ViewModel.Tests", "Tickinator.ViewModel.Tests\Tickinator.ViewModel.Tests.csproj", "{42188785-F082-4FB6-993E-44FD197FF399}"
EndProject
Project("{FAE04EC0-301F-11D3-BF4B-00C04F79EFBC}") = "Tickinator.ViewModel", "Tickinator.ViewModel\Tickinator.ViewModel.csproj", "{F46BC8A1-4EEE-48FB-A7F4-7656958BAC6B}"
EndProject
Project("{FAE04EC0-301F-11D3-BF4B-00C04F79EFBC}") = "Tickinator.Repository", "Tickinator.Repository\Tickinator.Repository.csproj", "{C8ED95D0-B6CC-4EA2-A0C8-94EAE0C2DF84}"
EndProject
Project("{FAE04EC0-301F-11D3-BF4B-00C04F79EFBC}") = "Tickinator.Repository.MockData", "Tickinator.Repository.MockData\Tickinator.Repository.MockData.csproj", "{BA1B7A92-35B7-48DF-8DB2-4ED609106F48}"
EndProject
Project("{FAE04EC0-301F-11D3-BF4B-00C04F79EFBC}") = "Tickinator.Model", "Tickinator.Model\Tickinator.Model.csproj", "{00DEE704-461C-470E-88DE-79248081DDAD}"
EndProject
Project("{FAE04EC0-301F-11D3-BF4B-00C04F79EFBC}") = "Tickinator.Common", "Tickinator.Common\Tickinator.Common.csproj", "{5810E2D3-A19B-4663-80EC-884A3C08A7CA}"
EndProject
Project("{2150E333-8FDC-42A3-9474-1A3956D46DE8}") = "Settings", "Settings", "{B8F37118-6BB2-424B-9D62-F78311FF5AF5}"
	ProjectSection(SolutionItems) = preProject
		Tickinator.sln.DotSettings = Tickinator.sln.DotSettings
	EndProjectSection
EndProject
Global
	GlobalSection(SolutionConfigurationPlatforms) = preSolution
		Debug|Any CPU = Debug|Any CPU
		Release|Any CPU = Release|Any CPU
	EndGlobalSection
	GlobalSection(ProjectConfigurationPlatforms) = postSolution
		{B7DB8E8E-255F-4241-8166-FEF5451E5F92}.Debug|Any CPU.ActiveCfg = Debug|Any CPU
		{B7DB8E8E-255F-4241-8166-FEF5451E5F92}.Debug|Any CPU.Build.0 = Debug|Any CPU
		{B7DB8E8E-255F-4241-8166-FEF5451E5F92}.Release|Any CPU.ActiveCfg = Release|Any CPU
		{B7DB8E8E-255F-4241-8166-FEF5451E5F92}.Release|Any CPU.Build.0 = Release|Any CPU
		{42188785-F082-4FB6-993E-44FD197FF399}.Debug|Any CPU.ActiveCfg = Debug|Any CPU
		{42188785-F082-4FB6-993E-44FD197FF399}.Debug|Any CPU.Build.0 = Debug|Any CPU
		{42188785-F082-4FB6-993E-44FD197FF399}.Release|Any CPU.ActiveCfg = Release|Any CPU
		{42188785-F082-4FB6-993E-44FD197FF399}.Release|Any CPU.Build.0 = Release|Any CPU
		{F46BC8A1-4EEE-48FB-A7F4-7656958BAC6B}.Debug|Any CPU.ActiveCfg = Debug|Any CPU
		{F46BC8A1-4EEE-48FB-A7F4-7656958BAC6B}.Debug|Any CPU.Build.0 = Debug|Any CPU
		{F46BC8A1-4EEE-48FB-A7F4-7656958BAC6B}.Release|Any CPU.ActiveCfg = Release|Any CPU
		{F46BC8A1-4EEE-48FB-A7F4-7656958BAC6B}.Release|Any CPU.Build.0 = Release|Any CPU
		{C8ED95D0-B6CC-4EA2-A0C8-94EAE0C2DF84}.Debug|Any CPU.ActiveCfg = Debug|Any CPU
		{C8ED95D0-B6CC-4EA2-A0C8-94EAE0C2DF84}.Debug|Any CPU.Build.0 = Debug|Any CPU
		{C8ED95D0-B6CC-4EA2-A0C8-94EAE0C2DF84}.Release|Any CPU.ActiveCfg = Release|Any CPU
		{C8ED95D0-B6CC-4EA2-A0C8-94EAE0C2DF84}.Release|Any CPU.Build.0 = Release|Any CPU
		{BA1B7A92-35B7-48DF-8DB2-4ED609106F48}.Debug|Any CPU.ActiveCfg = Debug|Any CPU
		{BA1B7A92-35B7-48DF-8DB2-4ED609106F48}.Debug|Any CPU.Build.0 = Debug|Any CPU
		{BA1B7A92-35B7-48DF-8DB2-4ED609106F48}.Release|Any CPU.ActiveCfg = Release|Any CPU
		{BA1B7A92-35B7-48DF-8DB2-4ED609106F48}.Release|Any CPU.Build.0 = Release|Any CPU
		{00DEE704-461C-470E-88DE-79248081DDAD}.Debug|Any CPU.ActiveCfg = Debug|Any CPU
		{00DEE704-461C-470E-88DE-79248081DDAD}.Debug|Any CPU.Build.0 = Debug|Any CPU
		{00DEE704-461C-470E-88DE-79248081DDAD}.Release|Any CPU.ActiveCfg = Release|Any CPU
		{00DEE704-461C-470E-88DE-79248081DDAD}.Release|Any CPU.Build.0 = Release|Any CPU
		{5810E2D3-A19B-4663-80EC-884A3C08A7CA}.Debug|Any CPU.ActiveCfg = Debug|Any CPU
		{5810E2D3-A19B-4663-80EC-884A3C08A7CA}.Debug|Any CPU.Build.0 = Debug|Any CPU
		{5810E2D3-A19B-4663-80EC-884A3C08A7CA}.Release|Any CPU.ActiveCfg = Release|Any CPU
		{5810E2D3-A19B-4663-80EC-884A3C08A7CA}.Release|Any CPU.Build.0 = Release|Any CPU
	EndGlobalSection
	GlobalSection(SolutionProperties) = preSolution
		HideSolutionNode = FALSE
	EndGlobalSection
EndGlobal
